<?xml version="1.0" encoding="utf-8"?>
<Project ToolsVersion="4.0" xmlns="http://schemas.microsoft.com/developer/msbuild/2003">
  <ItemGroup>
    <Filter Include="Source Files">
      <UniqueIdentifier>{4FC737F1-C7A5-4376-A066-2A32D752A2FF}</UniqueIdentifier>
      <Extensions>cpp;c;cc;cxx;def;odl;idl;hpj;bat;asm;asmx</Extensions>
    </Filter>
    <Filter Include="Header Files">
      <UniqueIdentifier>{93995380-89BD-4b04-88EB-625FBE52EBFB}</UniqueIdentifier>
      <Extensions>h;hh;hpp;hxx;hm;inl;inc;xsd</Extensions>
    </Filter>
    <Filter Include="Resource Files">
      <UniqueIdentifier>{67DA6AB6-F800-4c08-8B7A-83BB121AAD01}</UniqueIdentifier>
      <Extensions>rc;ico;cur;bmp;dlg;rc2;rct;bin;rgs;gif;jpg;jpeg;jpe;resx;tiff;tif;png;wav;mfcribbon-ms</Extensions>
    </Filter>
    <Filter Include="Header Files\event">
      <UniqueIdentifier>{88c4cece-360b-4aee-bfb4-d20aca0f7042}</UniqueIdentifier>
    </Filter>
    <Filter Include="Source Files\event">
      <UniqueIdentifier>{9e9821fc-4acf-4b70-ba5e-fdedc40de669}</UniqueIdentifier>
    </Filter>
  </ItemGroup>
  <ItemGroup>
    <Text Include="ReadMe.txt" />
  </ItemGroup>
  <ItemGroup>
    <ClInclude Include="stdafx.h">
      <Filter>Header Files</Filter>
    </ClInclude>
    <ClInclude Include="targetver.h">
      <Filter>Header Files</Filter>
    </ClInclude>
    <ClInclude Include="textfile.h">
      <Filter>Header Files</Filter>
    </ClInclude>
    <ClInclude Include="RenderableVideoCapture.h">
      <Filter>Header Files</Filter>
    </ClInclude>
    <ClInclude Include="StereoViewer.h">
      <Filter>Header Files</Filter>
    </ClInclude>
    <ClInclude Include="main.h">
      <Filter>Header Files</Filter>
    </ClInclude>
    <ClInclude Include="RenderableImage.h">
      <Filter>Header Files</Filter>
    </ClInclude>
    <ClInclude Include="Renderable.h">
      <Filter>Header Files</Filter>
    </ClInclude>
    <ClInclude Include="Manipulator.h">
      <Filter>Header Files</Filter>
    </ClInclude>
    <ClInclude Include="RenderableCapture.h">
      <Filter>Header Files</Filter>
    </ClInclude>
    <ClInclude Include="BoxManip.h">
      <Filter>Header Files</Filter>
    </ClInclude>
    <ClInclude Include="EventManager.h">
      <Filter>Header Files\event</Filter>
    </ClInclude>
    <ClInclude Include="templates.h">
      <Filter>Header Files\event</Filter>
    </ClInclude>
    <ClInclude Include="types.h">
      <Filter>Header Files\event</Filter>
    </ClInclude>
    <ClInclude Include="CriticalSection.h">
      <Filter>Header Files\event</Filter>
    </ClInclude>
    <ClInclude Include="EventManagerImpl.h">
      <Filter>Header Files\event</Filter>
    </ClInclude>
  </ItemGroup>
  <ItemGroup>
    <ClCompile Include="stdafx.cpp">
      <Filter>Source Files</Filter>
    </ClCompile>
    <ClCompile Include="textfile.cpp">
      <Filter>Source Files</Filter>
    </ClCompile>
    <ClCompile Include="RenderableVideoCapture.cpp">
      <Filter>Source Files</Filter>
    </ClCompile>
    <ClCompile Include="StereoViewer.cpp">
      <Filter>Source Files</Filter>
    </ClCompile>
    <ClCompile Include="main.cpp">
      <Filter>Source Files</Filter>
    </ClCompile>
    <ClCompile Include="RenderableImage.cpp">
      <Filter>Source Files</Filter>
    </ClCompile>
    <ClCompile Include="RenderableCapture.cpp">
      <Filter>Source Files</Filter>
    </ClCompile>
    <ClCompile Include="BoxManip.cpp">
      <Filter>Source Files</Filter>
    </ClCompile>
    <ClCompile Include="EventManager.cpp">
      <Filter>Header Files\event</Filter>
    </ClCompile>
    <ClCompile Include="EventManagerImpl.cpp">
      <Filter>Header Files\event</Filter>
    </ClCompile>
  </ItemGroup>
  <ItemGroup>
    <None Include="Shaders\barrel_right.geom">
      <Filter>Resource Files</Filter>
    </None>
    <None Include="Shaders\empty.vert">
      <Filter>Resource Files</Filter>
    </None>
    <None Include="Shaders\monochrome.frag">
      <Filter>Resource Files</Filter>
    </None>
    <None Include="Shaders\monochrome.vert">
      <Filter>Resource Files</Filter>
    </None>
    <None Include="Shaders\barrel.frag">
      <Filter>Resource Files</Filter>
    </None>
    <None Include="Shaders\barrel_left.geom">
      <Filter>Resource Files</Filter>
    </None>
    <None Include="Shaders\alphablend.frag">
      <Filter>Resource Files</Filter>
    </None>
  </ItemGroup>
</Project>